// !$*UTF8*$!
{
	archiveVersion = 1;
	classes = {
	};
	objectVersion = 46;
	objects = {

/* Begin PBXBuildFile section */
		C9AB0CED1DB5D7F000B1032F /* main.m in Sources */ = {isa = PBXBuildFile; fileRef = C9AB0CEC1DB5D7F000B1032F /* main.m */; };
		C9AB0CF51DB5D87800B1032F /* Board.m in Sources */ = {isa = PBXBuildFile; fileRef = C9AB0CF41DB5D87800B1032F /* Board.m */; };
/* End PBXBuildFile section */

/* Begin PBXCopyFilesBuildPhase section */
		C9AB0CE71DB5D7F000B1032F /* CopyFiles */ = {
			isa = PBXCopyFilesBuildPhase;
			buildActionMask = 2147483647;
			dstPath = /usr/share/man/man1/;
			dstSubfolderSpec = 0;
			files = (
			);
			runOnlyForDeploymentPostprocessing = 1;
		};
/* End PBXCopyFilesBuildPhase section */

/* Begin PBXFileReference section */
		C9AB0CE91DB5D7F000B1032F /* PerfectTicTacToe */ = {isa = PBXFileReference; explicitFileType = "compiled.mach-o.executable"; includeInIndex = 0; path = PerfectTicTacToe; sourceTree = BUILT_PRODUCTS_DIR; };
		C9AB0CEC1DB5D7F000B1032F /* main.m */ = {isa = PBXFileReference; lastKnownFileType = sourcecode.c.objc; path = main.m; sourceTree = "<group>"; };
		C9AB0CF31DB5D87800B1032F /* Board.h */ = {isa = PBXFileReference; fileEncoding = 4; lastKnownFileType = sourcecode.c.h; path = Board.h; sourceTree = "<group>"; };
		C9AB0CF41DB5D87800B1032F /* Board.m */ = {isa = PBXFileReference; fileEncoding = 4; lastKnownFileType = sourcecode.c.objc; path = Board.m; sourceTree = "<group>"; };
/* End PBXFileReference section */

/* Begin PBXFrameworksBuildPhase section */
		C9AB0CE61DB5D7F000B1032F /* Frameworks */ = {
			isa = PBXFrameworksBuildPhase;
			buildActionMask = 2147483647;
			files = (
			);
			runOnlyForDeploymentPostprocessing = 0;
		};
/* End PBXFrameworksBuildPhase section */

/* Begin PBXGroup section */
		C9AB0CE01DB5D7F000B1032F = {
			isa = PBXGroup;
			children = (
				C9AB0CEB1DB5D7F000B1032F /* PerfectTicTacToe */,
				C9AB0CEA1DB5D7F000B1032F /* Products */,
			);
			sourceTree = "<group>";
		};
		C9AB0CEA1DB5D7F000B1032F /* Products */ = {
			isa = PBXGroup;
			children = (
				C9AB0CE91DB5D7F000B1032F /* PerfectTicTacToe */,
			);
			name = Products;
			sourceTree = "<group>";
		};
		C9AB0CEB1DB5D7F000B1032F /* PerfectTicTacToe */ = {
			isa = PBXGroup;
			children = (
				C9AB0CEC1DB5D7F000B1032F /* main.m */,
				C9AB0CF31DB5D87800B1032F /* Board.h */,
				C9AB0CF41DB5D87800B1032F /* Board.m */,
			);
			path = PerfectTicTacToe;
			sourceTree = "<group>";
		};
/* End PBXGroup section */

/* Begin PBXNativeTarget section */
		C9AB0CE81DB5D7F000B1032F /* PerfectTicTacToe */ = {
			isa = PBXNativeTarget;
			buildConfigurationList = C9AB0CF01DB5D7F000B1032F /* Build configuration list for PBXNativeTarget "PerfectTicTacToe" */;
			buildPhases = (
				C9AB0CE51DB5D7F000B1032F /* Sources */,
				C9AB0CE61DB5D7F000B1032F /* Frameworks */,
				C9AB0CE71DB5D7F000B1032F /* CopyFiles */,
			);
			buildRules = (
			);
			dependencies = (
			);
			name = PerfectTicTacToe;
			productName = PerfectTicTacToe;
			productReference = C9AB0CE91DB5D7F000B1032F /* PerfectTicTacToe */;
			productType = "com.apple.product-type.tool";
		};
/* End PBXNativeTarget section */

/* Begin PBXProject section */
		C9AB0CE11DB5D7F000B1032F /* Project object */ = {
			isa = PBXProject;
			attributes = {
				LastUpgradeCheck = 0800;
				ORGANIZATIONNAME = BuildThings;
				TargetAttributes = {
					C9AB0CE81DB5D7F000B1032F = {
						CreatedOnToolsVersion = 8.0;
						DevelopmentTeam = VQXELCH5FM;
						ProvisioningStyle = Automatic;
					};
				};
			};
			buildConfigurationList = C9AB0CE41DB5D7F000B1032F /* Build configuration list for PBXProject "PerfectTicTacToe" */;
			compatibilityVersion = "Xcode 3.2";
			developmentRegion = English;
			hasScannedForEncodings = 0;
			knownRegions = (
				en,
			);
			mainGroup = C9AB0CE01DB5D7F000B1032F;
			productRefGroup = C9AB0CEA1DB5D7F000B1032F /* Products */;
			projectDirPath = "";
			projectRoot = "";
			targets = (
				C9AB0CE81DB5D7F000B1032F /* PerfectTicTacToe */,
			);
		};
/* End PBXProject section */

/* Begin PBXSourcesBuildPhase section */
		C9AB0CE51DB5D7F000B1032F /* Sources */ = {
			isa = PBXSourcesBuildPhase;
			buildActionMask = 2147483647;
			files = (
				C9AB0CF51DB5D87800B1032F /* Board.m in Sources */,
				C9AB0CED1DB5D7F000B1032F /* main.m in Sources */,
			);
			runOnlyForDeploymentPostprocessing = 0;
		};
/* End PBXSourcesBuildPhase section */

/* Begin XCBuildConfiguration section */
		C9AB0CEE1DB5D7F000B1032F /* Debug */ = {
			isa = XCBuildConfiguration;
			buildSettings = {
				ALWAYS_SEARCH_USER_PATHS = NO;
				CLANG_ANALYZER_NONNULL = YES;
				CLANG_CXX_LANGUAGE_STANDARD = "gnu++0x";
				CLANG_CXX_LIBRARY = "libc++";
				CLANG_ENABLE_MODULES = YES;
				CLANG_ENABLE_OBJC_ARC = YES;
				CLANG_WARN_BOOL_CONVERSION = YES;
				CLANG_WARN_CONSTANT_CONVERSION = YES;
				CLANG_WARN_DIRECT_OBJC_ISA_USAGE = YES_ERROR;
				CLANG_WARN_DOCUMENTATION_COMMENTS = YES;
				CLANG_WARN_EMPTY_BODY = YES;
				CLANG_WARN_ENUM_CONVERSION = YES;
				CLANG_WARN_INFINITE_RECURSION = YES;
				CLANG_WARN_INT_CONVERSION = YES;
				CLANG_WARN_OBJC_ROOT_CLASS = YES_ERROR;
				CLANG_WARN_SUSPICIOUS_MOVES = YES;
				CLANG_WARN_UNREACHABLE_CODE = YES;
				CLANG_WARN__DUPLICATE_METHOD_MATCH = YES;
				CODE_SIGN_IDENTITY = "-";
				COPY_PHASE_STRIP = NO;
				DEBUG_INFORMATION_FORMAT = dwarf;
				ENABLE_STRICT_OBJC_MSGSEND = YES;
				ENABLE_TESTABILITY = YES;
				GCC_C_LANGUAGE_STANDARD = gnu99;
				GCC_DYNAMIC_NO_PIC = NO;
				GCC_NO_COMMON_BLOCKS = YES;
				GCC_OPTIMIZATION_LEVEL = 0;
				GCC_PREPROCESSOR_DEFINITIONS = (
					"DEBUG=1",
					"$(inherited)",
				);
				GCC_WARN_64_TO_32_BIT_CONVERSION = YES;
				GCC_WARN_ABOUT_RETURN_TYPE = YES_ERROR;
				GCC_WARN_UNDECLARED_SELECTOR = YES;
				GCC_WARN_UNINITIALIZED_AUTOS = YES_AGGRESSIVE;
				GCC_WARN_UNUSED_FUNCTION = YES;
				GCC_WARN_UNUSED_VARIABLE = YES;
				MACOSX_DEPLOYMENT_TARGET = 10.12;
				MTL_ENABLE_DEBUG_INFO = YES;
				ONLY_ACTIVE_ARCH = YES;
				SDKROOT = macosx;
			};
			name = Debug;
		};
		C9AB0CEF1DB5D7F000B1032F /* Release */ = {
			isa = XCBuildConfiguration;
			buildSettings = {
				ALWAYS_SEARCH_USER_PATHS = NO;
				CLANG_ANALYZER_NONNULL = YES;
				CLANG_CXX_LANGUAGE_STANDARD = "gnu++0x";
				CLANG_CXX_LIBRARY = "libc++";
				CLANG_ENABLE_MODULES = YES;
				CLANG_ENABLE_OBJC_ARC = YES;
				CLANG_WARN_BOOL_CONVERSION = YES;
				CLANG_WARN_CONSTANT_CONVERSION = YES;
				CLANG_WARN_DIRECT_OBJC_ISA_USAGE = YES_ERROR;
				CLANG_WARN_DOCUMENTATION_COMMENTS = YES;
				CLANG_WARN_EMPTY_BODY = YES;
				CLANG_WARN_ENUM_CONVERSION = YES;
				CLANG_WARN_INFINITE_RECURSION = YES;
				CLANG_WARN_INT_CONVERSION = YES;
				CLANG_WARN_OBJC_ROOT_CLASS = YES_ERROR;
				CLANG_WARN_SUSPICIOUS_MOVES = YES;
				CLANG_WARN_UNREACHABLE_CODE = YES;
				CLANG_WARN__DUPLICATE_METHOD_MATCH = YES;
				CODE_SIGN_IDENTITY = "-";
				COPY_PHASE_STRIP = NO;
				DEBUG_INFORMATION_FORMAT = "dwarf-with-dsym";
				ENABLE_NS_ASSERTIONS = NO;
				ENABLE_STRICT_OBJC_MSGSEND = YES;
				GCC_C_LANGUAGE_STANDARD = gnu99;
				GCC_NO_COMMON_BLOCKS = YES;
				GCC_WARN_64_TO_32_BIT_CONVERSION = YES;
				GCC_WARN_ABOUT_RETURN_TYPE = YES_ERROR;
				GCC_WARN_UNDECLARED_SELECTOR = YES;
				GCC_WARN_UNINITIALIZED_AUTOS = YES_AGGRESSIVE;
				GCC_WARN_UNUSED_FUNCTION = YES;
				GCC_WARN_UNUSED_VARIABLE = YES;
				MACOSX_DEPLOYMENT_TARGET = 10.12;
				MTL_ENABLE_DEBUG_INFO = NO;
				SDKROOT = macosx;
			};
			name = Release;
		};
		C9AB0CF11DB5D7F000B1032F /* Debug */ = {
			isa = XCBuildConfiguration;
			buildSettings = {
				DEVELOPMENT_TEAM = VQXELCH5FM;
				PRODUCT_NAME = "$(TARGET_NAME)";
			};
			name = Debug;
		};
		C9AB0CF21DB5D7F000B1032F /* Release */ = {
			isa = XCBuildConfiguration;
			buildSettings = {
				DEVELOPMENT_TEAM = VQXELCH5FM;
				PRODUCT_NAME = "$(TARGET_NAME)";
			};
			name = Release;
		};
/* End XCBuildConfiguration section */

/* Begin XCConfigurationList section */
		C9AB0CE41DB5D7F000B1032F /* Build configuration list for PBXProject "PerfectTicTacToe" */ = {
			isa = XCConfigurationList;
			buildConfigurations = (
				C9AB0CEE1DB5D7F000B1032F /* Debug */,
				C9AB0CEF1DB5D7F000B1032F /* Release */,
			);
			defaultConfigurationIsVisible = 0;
			defaultConfigurationName = Release;
		};
		C9AB0CF01DB5D7F000B1032F /* Build configuration list for PBXNativeTarget "PerfectTicTacToe" */ = {
			isa = XCConfigurationList;
			buildConfigurations = (
				C9AB0CF11DB5D7F000B1032F /* Debug */,
				C9AB0CF21DB5D7F000B1032F /* Release */,
			);
			defaultConfigurationIsVisible = 0;
			defaultConfigurationName = Release;
		};
/* End XCConfigurationList section */
	};
	rootObject = C9AB0CE11DB5D7F000B1032F /* Project object */;
}
